<?xml version="1.0" encoding="utf-8"?>
<Project ToolsVersion="4.0" xmlns="http://schemas.microsoft.com/developer/msbuild/2003">
  <ItemGroup>
    <Filter Include="Source Files">
      <UniqueIdentifier>{ede42319-8224-46e3-ac53-1578b25c95f8}</UniqueIdentifier>
      <Extensions>cpp;c;cxx;def;odl;idl;hpj;bat;asm</Extensions>
    </Filter>
    <Filter Include="Header Files">
      <UniqueIdentifier>{7a2d8e8c-5f78-46bd-a3e4-4526894112b4}</UniqueIdentifier>
      <Extensions>h;hpp;hxx;hm;inl;inc</Extensions>
    </Filter>
    <Filter Include="Resource Files">
      <UniqueIdentifier>{c9c4b02d-237a-4def-8dbc-811a4fc01471}</UniqueIdentifier>
      <Extensions>rc;ico;cur;bmp;dlg;rc2;rct;bin;rgs;jpg;jpeg;jpe;manifest</Extensions>
    </Filter>
    <Filter Include="SoUI Resouece">
      <UniqueIdentifier>{d0b2f1b2-20b8-4b54-99bc-280fa70c9643}</UniqueIdentifier>
      <Extensions>idx;xml;png;gif;jpg;ico;lua;bmp</Extensions>
    </Filter>
  </ItemGroup>
  <ItemGroup>
    <Text Include="license.txt" />
    <Text Include="readme.txt" />
  </ItemGroup>
  <ItemGroup>
    <ClCompile Include="Iermu-PC.cpp">
      <Filter>Source Files</Filter>
    </ClCompile>
    <ClCompile Include="MainDlg.cpp">
      <Filter>Source Files</Filter>
    </ClCompile>
    <ClCompile Include="stdafx.cpp">
      <Filter>Source Files</Filter>
    </ClCompile>
    <ClCompile Include="custom\SImageMaskWnd.cpp">
      <Filter>Source Files</Filter>
    </ClCompile>
    <ClCompile Include="custom\FilesHelp.cpp">
      <Filter>Source Files</Filter>
    </ClCompile>
    <ClCompile Include="player\SouiRealWndHandler.cpp">
      <Filter>Source Files</Filter>
    </ClCompile>
    <ClCompile Include="player\RealWndDlg.cpp">
      <Filter>Source Files</Filter>
    </ClCompile>
    <ClCompile Include="custom\SerializeObj.cpp">
      <Filter>Source Files</Filter>
    </ClCompile>
    <ClCompile Include="custom\SSwitch.cpp">
      <Filter>Source Files</Filter>
    </ClCompile>
    <ClCompile Include="httpclient\HttpConnect.cpp">
      <Filter>Source Files</Filter>
    </ClCompile>
    <ClCompile Include="httpclient\HttpSocket.cpp">
      <Filter>Source Files</Filter>
    </ClCompile>
    <ClCompile Include="sqlite\CppSQLite3.cpp">
      <Filter>Source Files</Filter>
    </ClCompile>
    <ClCompile Include="socket\threadObject.cpp">
      <Filter>Source Files</Filter>
    </ClCompile>
    <ClCompile Include="socket\WorkQueue.cpp">
      <Filter>Source Files</Filter>
    </ClCompile>
    <ClCompile Include="custom\SSkinGif.cpp">
      <Filter>Source Files</Filter>
    </ClCompile>
    <ClCompile Include="custom\SGifPlayer.cpp">
      <Filter>Source Files</Filter>
    </ClCompile>
    <ClCompile Include="custom\MagnetFrame.cpp">
      <Filter>Source Files</Filter>
    </ClCompile>
    <ClCompile Include="socket\UpnpTool.cpp">
      <Filter>Source Files</Filter>
    </ClCompile>
    <ClCompile Include="player\RealWndDlg_Dev.cpp">
      <Filter>Source Files</Filter>
    </ClCompile>
    <ClCompile Include="player\RealWndDlg_File.cpp">
      <Filter>Source Files</Filter>
    </ClCompile>
  </ItemGroup>
  <ItemGroup>
    <ResourceCompile Include="Iermu-PC.rc">
      <Filter>Resource Files</Filter>
    </ResourceCompile>
  </ItemGroup>
  <ItemGroup>
    <ClInclude Include="MainDlg.h">
      <Filter>Header Files</Filter>
    </ClInclude>
    <ClInclude Include="resource.h">
      <Filter>Header Files</Filter>
    </ClInclude>
    <ClInclude Include="stdafx.h">
      <Filter>Header Files</Filter>
    </ClInclude>
    <ClInclude Include="custom\SImageMaskWnd.h">
      <Filter>Header Files</Filter>
    </ClInclude>
    <ClInclude Include="custom\FilesHelp.h">
      <Filter>Header Files</Filter>
    </ClInclude>
    <ClInclude Include="player\SouiRealWndHandler.h">
      <Filter>Header Files</Filter>
    </ClInclude>
    <ClInclude Include="player\RealWndDlg.h">
      <Filter>Header Files</Filter>
    </ClInclude>
    <ClInclude Include="custom\SerializeObj.h">
      <Filter>Header Files</Filter>
    </ClInclude>
    <ClInclude Include="custom\SSwitch.h">
      <Filter>Header Files</Filter>
    </ClInclude>
    <ClInclude Include="httpclient\HttpConnect.h">
      <Filter>Header Files</Filter>
    </ClInclude>
    <ClInclude Include="httpclient\HttpSocket.h">
      <Filter>Header Files</Filter>
    </ClInclude>
    <ClInclude Include="sqlite\CppSQLite3.h">
      <Filter>Header Files</Filter>
    </ClInclude>
    <ClInclude Include="socket\threadObject.h">
      <Filter>Header Files</Filter>
    </ClInclude>
    <ClInclude Include="socket\WinClientTask.h">
      <Filter>Header Files</Filter>
    </ClInclude>
    <ClInclude Include="socket\WorkQueue.h">
      <Filter>Header Files</Filter>
    </ClInclude>
    <ClInclude Include="custom\SSkinGif.h">
      <Filter>Header Files</Filter>
    </ClInclude>
    <ClInclude Include="custom\SGifPlayer.h">
      <Filter>Header Files</Filter>
    </ClInclude>
    <ClInclude Include="custom\MagnetFrame.h">
      <Filter>Header Files</Filter>
    </ClInclude>
    <ClInclude Include="adapter\CameraListAdapter.h">
      <Filter>Header Files</Filter>
    </ClInclude>
    <ClInclude Include="adapter\DeviceListAdapter.h">
      <Filter>Header Files</Filter>
    </ClInclude>
    <ClInclude Include="adapter\FixListAdapter.h">
      <Filter>Header Files</Filter>
    </ClInclude>
    <ClInclude Include="socket\UpnpTool.h">
      <Filter>Header Files</Filter>
    </ClInclude>
    <ClInclude Include="player\RealWndDlg_Dev.h">
      <Filter>Header Files</Filter>
    </ClInclude>
    <ClInclude Include="custom\UserPopupWnd.h">
      <Filter>Header Files</Filter>
    </ClInclude>
    <ClInclude Include="adapter\FileListAdapter.h">
      <Filter>Header Files</Filter>
    </ClInclude>
    <ClInclude Include="player\RealWndDlg_File.h">
      <Filter>Header Files</Filter>
    </ClInclude>
    <ClInclude Include="custom\AddPopupWnd.h">
      <Filter>Header Files</Filter>
    </ClInclude>
  </ItemGroup>
  <ItemGroup>
    <None Include="res\soui_res.rc2">
      <Filter>Resource Files</Filter>
    </None>
  </ItemGroup>
  <ItemGroup>
    <Xml Include="uires\uidef\init.xml">
      <Filter>SoUI Resouece</Filter>
    </Xml>
    <Xml Include="uires\values\color.xml">
      <Filter>SoUI Resouece</Filter>
    </Xml>
    <Xml Include="uires\values\skin.xml">
      <Filter>SoUI Resouece</Filter>
    </Xml>
    <Xml Include="uires\values\string.xml">
      <Filter>SoUI Resouece</Filter>
    </Xml>
    <Xml Include="uires\xml\dlg_main.xml">
      <Filter>SoUI Resouece</Filter>
    </Xml>
    <Xml Include="uires\xml\dlg_mycamera.xml">
      <Filter>SoUI Resouece</Filter>
    </Xml>
    <Xml Include="uires\xml\dlg_localdevice.xml">
      <Filter>SoUI Resouece</Filter>
    </Xml>
    <Xml Include="uires\xml\dlg_localfile.xml">
      <Filter>SoUI Resouece</Filter>
    </Xml>
    <Xml Include="uires\xml\dlg_realwnd.xml">
      <Filter>SoUI Resouece</Filter>
    </Xml>
    <Xml Include="uires\xml\dlg_realwnd_Dev.xml">
      <Filter>SoUI Resouece</Filter>
    </Xml>
    <Xml Include="uires\xml\dlg_realwnd_File.xml">
      <Filter>SoUI Resouece</Filter>
    </Xml>
    <Xml Include="uires\xml\pop_userwnd.xml">
      <Filter>SoUI Resouece</Filter>
    </Xml>
    <Xml Include="uires\xml\pop_loading.xml">
      <Filter>SoUI Resouece</Filter>
    </Xml>
    <Xml Include="uires\xml\pop_addwnd.xml">
      <Filter>SoUI Resouece</Filter>
    </Xml>
  </ItemGroup>
  <ItemGroup>
    <CustomBuild Include="uires\uires.idx">
      <Filter>SoUI Resouece</Filter>
    </CustomBuild>
  </ItemGroup>
</Project>